PODS:
  - MtsInvestUIService (0.1.0)

DEPENDENCIES:
  - MtsInvestUIService (from `../`)

EXTERNAL SOURCES:
  MtsInvestUIService:
    :path: "../"

SPEC CHECKSUMS:
  MtsInvestUIService: 611195093cc9d7d9c5daa0b20db2475a327f1961

PODFILE CHECKSUM: 2b5abd1c37bfdac5ab27a6d792033f4062474057

COCOAPODS: 1.10.1
